
Microsoft Visual Studio Solution File, Format Version 12.00
# Visual Studio Version 17
VisualStudioVersion = 17.0.32112.339
MinimumVisualStudioVersion = 10.0.40219.1
Project("{FAE04EC0-301F-11D3-BF4B-00C04F79EFBC}") = "EntityFrameworkLayer", "EntityFrameworkLayer\EntityFrameworkLayer.csproj", "{D5BF5A5A-AE7F-4C39-B575-DC0711012F52}"
EndProject
Project("{FAE04EC0-301F-11D3-BF4B-00C04F79EFBC}") = "ModelLayer", "ModelLayer\ModelLayer.csproj", "{8720DF66-2FE6-4C16-B1CF-6FC68CE491ED}"
EndProject
Project("{FAE04EC0-301F-11D3-BF4B-00C04F79EFBC}") = "PresentationLayer", "PresentationLayer\PresentationLayer.csproj", "{1960750F-4205-4B98-95AD-EEAE6A7FEED9}"
	ProjectSection(ProjectDependencies) = postProject
		{C632CD05-10A2-4100-A26E-38104327617E} = {C632CD05-10A2-4100-A26E-38104327617E}
		{A64D4220-9F37-4390-9579-65BA8875D5A1} = {A64D4220-9F37-4390-9579-65BA8875D5A1}
		{D5BF5A5A-AE7F-4C39-B575-DC0711012F52} = {D5BF5A5A-AE7F-4C39-B575-DC0711012F52}
		{8720DF66-2FE6-4C16-B1CF-6FC68CE491ED} = {8720DF66-2FE6-4C16-B1CF-6FC68CE491ED}
	EndProjectSection
EndProject
Project("{FAE04EC0-301F-11D3-BF4B-00C04F79EFBC}") = "BusinessLayer", "BusinessLayer\BusinessLayer.csproj", "{C632CD05-10A2-4100-A26E-38104327617E}"
EndProject
Project("{FAE04EC0-301F-11D3-BF4B-00C04F79EFBC}") = "AdoNETLayer", "AdoNETLayer\AdoNETLayer.csproj", "{A64D4220-9F37-4390-9579-65BA8875D5A1}"
EndProject
Project("{FAE04EC0-301F-11D3-BF4B-00C04F79EFBC}") = "IntegrationTests", "IntegrationTests\IntegrationTests.csproj", "{C60DA595-E5AF-4919-A85C-989BC8A68FCF}"
EndProject
Global
	GlobalSection(SolutionConfigurationPlatforms) = preSolution
		Debug|Any CPU = Debug|Any CPU
		Release|Any CPU = Release|Any CPU
	EndGlobalSection
	GlobalSection(ProjectConfigurationPlatforms) = postSolution
		{D5BF5A5A-AE7F-4C39-B575-DC0711012F52}.Debug|Any CPU.ActiveCfg = Debug|Any CPU
		{D5BF5A5A-AE7F-4C39-B575-DC0711012F52}.Debug|Any CPU.Build.0 = Debug|Any CPU
		{D5BF5A5A-AE7F-4C39-B575-DC0711012F52}.Release|Any CPU.ActiveCfg = Release|Any CPU
		{D5BF5A5A-AE7F-4C39-B575-DC0711012F52}.Release|Any CPU.Build.0 = Release|Any CPU
		{8720DF66-2FE6-4C16-B1CF-6FC68CE491ED}.Debug|Any CPU.ActiveCfg = Debug|Any CPU
		{8720DF66-2FE6-4C16-B1CF-6FC68CE491ED}.Debug|Any CPU.Build.0 = Debug|Any CPU
		{8720DF66-2FE6-4C16-B1CF-6FC68CE491ED}.Release|Any CPU.ActiveCfg = Release|Any CPU
		{8720DF66-2FE6-4C16-B1CF-6FC68CE491ED}.Release|Any CPU.Build.0 = Release|Any CPU
		{1960750F-4205-4B98-95AD-EEAE6A7FEED9}.Debug|Any CPU.ActiveCfg = Debug|Any CPU
		{1960750F-4205-4B98-95AD-EEAE6A7FEED9}.Debug|Any CPU.Build.0 = Debug|Any CPU
		{1960750F-4205-4B98-95AD-EEAE6A7FEED9}.Release|Any CPU.ActiveCfg = Release|Any CPU
		{1960750F-4205-4B98-95AD-EEAE6A7FEED9}.Release|Any CPU.Build.0 = Release|Any CPU
		{C632CD05-10A2-4100-A26E-38104327617E}.Debug|Any CPU.ActiveCfg = Debug|Any CPU
		{C632CD05-10A2-4100-A26E-38104327617E}.Debug|Any CPU.Build.0 = Debug|Any CPU
		{C632CD05-10A2-4100-A26E-38104327617E}.Release|Any CPU.ActiveCfg = Release|Any CPU
		{C632CD05-10A2-4100-A26E-38104327617E}.Release|Any CPU.Build.0 = Release|Any CPU
		{A64D4220-9F37-4390-9579-65BA8875D5A1}.Debug|Any CPU.ActiveCfg = Debug|Any CPU
		{A64D4220-9F37-4390-9579-65BA8875D5A1}.Debug|Any CPU.Build.0 = Debug|Any CPU
		{A64D4220-9F37-4390-9579-65BA8875D5A1}.Release|Any CPU.ActiveCfg = Release|Any CPU
		{A64D4220-9F37-4390-9579-65BA8875D5A1}.Release|Any CPU.Build.0 = Release|Any CPU
		{C60DA595-E5AF-4919-A85C-989BC8A68FCF}.Debug|Any CPU.ActiveCfg = Debug|Any CPU
		{C60DA595-E5AF-4919-A85C-989BC8A68FCF}.Debug|Any CPU.Build.0 = Debug|Any CPU
		{C60DA595-E5AF-4919-A85C-989BC8A68FCF}.Release|Any CPU.ActiveCfg = Release|Any CPU
		{C60DA595-E5AF-4919-A85C-989BC8A68FCF}.Release|Any CPU.Build.0 = Release|Any CPU
	EndGlobalSection
	GlobalSection(SolutionProperties) = preSolution
		HideSolutionNode = FALSE
	EndGlobalSection
	GlobalSection(ExtensibilityGlobals) = postSolution
		SolutionGuid = {06366917-6D74-4C80-A36E-A6AAA5FD0969}
	EndGlobalSection
EndGlobal
