
Microsoft Visual Studio Solution File, Format Version 12.00
# Visual Studio Version 17
VisualStudioVersion = 17.0.32014.148
MinimumVisualStudioVersion = 10.0.40219.1
Project("{FAE04EC0-301F-11D3-BF4B-00C04F79EFBC}") = "PresentationLayer", "PresentationLayer\PresentationLayer.csproj", "{38F456B4-9BA0-43C0-884F-03783E269959}"
	ProjectSection(ProjectDependencies) = postProject
		{FA4D947C-290C-44B6-B5D9-F6DB6D7CD3A1} = {FA4D947C-290C-44B6-B5D9-F6DB6D7CD3A1}
		{49C17CCF-F30E-4430-99B0-630EEF69606C} = {49C17CCF-F30E-4430-99B0-630EEF69606C}
	EndProjectSection
EndProject
Project("{FAE04EC0-301F-11D3-BF4B-00C04F79EFBC}") = "BusinessLayer", "BusinessLayer\BusinessLayer.csproj", "{FA4D947C-290C-44B6-B5D9-F6DB6D7CD3A1}"
	ProjectSection(ProjectDependencies) = postProject
		{005FDF59-811B-4E99-AD7F-1FA63EEAE695} = {005FDF59-811B-4E99-AD7F-1FA63EEAE695}
		{49C17CCF-F30E-4430-99B0-630EEF69606C} = {49C17CCF-F30E-4430-99B0-630EEF69606C}
	EndProjectSection
EndProject
Project("{FAE04EC0-301F-11D3-BF4B-00C04F79EFBC}") = "ModelLayer", "ModelLayer\ModelLayer.csproj", "{49C17CCF-F30E-4430-99B0-630EEF69606C}"
EndProject
Project("{FAE04EC0-301F-11D3-BF4B-00C04F79EFBC}") = "DataLayer", "DataLayer\DataLayer.csproj", "{005FDF59-811B-4E99-AD7F-1FA63EEAE695}"
EndProject
Global
	GlobalSection(SolutionConfigurationPlatforms) = preSolution
		Debug|Any CPU = Debug|Any CPU
		Release|Any CPU = Release|Any CPU
	EndGlobalSection
	GlobalSection(ProjectConfigurationPlatforms) = postSolution
		{38F456B4-9BA0-43C0-884F-03783E269959}.Debug|Any CPU.ActiveCfg = Debug|Any CPU
		{38F456B4-9BA0-43C0-884F-03783E269959}.Debug|Any CPU.Build.0 = Debug|Any CPU
		{38F456B4-9BA0-43C0-884F-03783E269959}.Release|Any CPU.ActiveCfg = Release|Any CPU
		{38F456B4-9BA0-43C0-884F-03783E269959}.Release|Any CPU.Build.0 = Release|Any CPU
		{FA4D947C-290C-44B6-B5D9-F6DB6D7CD3A1}.Debug|Any CPU.ActiveCfg = Debug|Any CPU
		{FA4D947C-290C-44B6-B5D9-F6DB6D7CD3A1}.Debug|Any CPU.Build.0 = Debug|Any CPU
		{FA4D947C-290C-44B6-B5D9-F6DB6D7CD3A1}.Release|Any CPU.ActiveCfg = Release|Any CPU
		{FA4D947C-290C-44B6-B5D9-F6DB6D7CD3A1}.Release|Any CPU.Build.0 = Release|Any CPU
		{49C17CCF-F30E-4430-99B0-630EEF69606C}.Debug|Any CPU.ActiveCfg = Debug|Any CPU
		{49C17CCF-F30E-4430-99B0-630EEF69606C}.Debug|Any CPU.Build.0 = Debug|Any CPU
		{49C17CCF-F30E-4430-99B0-630EEF69606C}.Release|Any CPU.ActiveCfg = Release|Any CPU
		{49C17CCF-F30E-4430-99B0-630EEF69606C}.Release|Any CPU.Build.0 = Release|Any CPU
		{005FDF59-811B-4E99-AD7F-1FA63EEAE695}.Debug|Any CPU.ActiveCfg = Debug|Any CPU
		{005FDF59-811B-4E99-AD7F-1FA63EEAE695}.Debug|Any CPU.Build.0 = Debug|Any CPU
		{005FDF59-811B-4E99-AD7F-1FA63EEAE695}.Release|Any CPU.ActiveCfg = Release|Any CPU
		{005FDF59-811B-4E99-AD7F-1FA63EEAE695}.Release|Any CPU.Build.0 = Release|Any CPU
	EndGlobalSection
	GlobalSection(SolutionProperties) = preSolution
		HideSolutionNode = FALSE
	EndGlobalSection
	GlobalSection(ExtensibilityGlobals) = postSolution
		SolutionGuid = {AE4654B3-A904-4484-9C32-56833F55C3C5}
	EndGlobalSection
EndGlobal
